
Microsoft Visual Studio Solution File, Format Version 12.00
# Visual Studio Version 16
VisualStudioVersion = 16.0.30330.147
MinimumVisualStudioVersion = 10.0.40219.1
Project("{FAE04EC0-301F-11D3-BF4B-00C04F79EFBC}") = "Accountant", "Accountant\Accountant.csproj", "{0730B6FF-6453-4497-8C9A-CE4322ECA177}"
EndProject
Global
	GlobalSection(SolutionConfigurationPlatforms) = preSolution
		Debug|Any CPU = Debug|Any CPU
		Release|Any CPU = Release|Any CPU
	EndGlobalSection
	GlobalSection(ProjectConfigurationPlatforms) = postSolution
		{0730B6FF-6453-4497-8C9A-CE4322ECA177}.Debug|Any CPU.ActiveCfg = Debug|Any CPU
		{0730B6FF-6453-4497-8C9A-CE4322ECA177}.Debug|Any CPU.Build.0 = Debug|Any CPU
		{0730B6FF-6453-4497-8C9A-CE4322ECA177}.Release|Any CPU.ActiveCfg = Release|Any CPU
		{0730B6FF-6453-4497-8C9A-CE4322ECA177}.Release|Any CPU.Build.0 = Release|Any CPU
	EndGlobalSection
	GlobalSection(SolutionProperties) = preSolution
		HideSolutionNode = FALSE
	EndGlobalSection
	GlobalSection(ExtensibilityGlobals) = postSolution
		SolutionGuid = {25C53411-86CF-4C06-9982-63A98F672564}
	EndGlobalSection
EndGlobal
